
Microsoft Visual Studio Solution File, Format Version 12.00
# Visual Studio Version 17
VisualStudioVersion = 17.14.36804.6
MinimumVisualStudioVersion = 10.0.40219.1
Project("{FAE04EC0-301F-11D3-BF4B-00C04F79EFBC}") = "ProductManagement.UI", "ProductManagement.UI\ProductManagement.UI.csproj", "{5A3DE090-5177-030B-F4CE-637C01A8A295}"
EndProject
Project("{FAE04EC0-301F-11D3-BF4B-00C04F79EFBC}") = "ProductManagement.Application", "ProductManagement.Application\ProductManagement.Application.csproj", "{5387DFD6-0D46-F885-5B2B-4A2371811E9D}"
EndProject
Project("{FAE04EC0-301F-11D3-BF4B-00C04F79EFBC}") = "ProductManagement.Infrastructure", "ProductManagement.Infrastructure\ProductManagement.Infrastructure.csproj", "{5264EEF0-8489-B05D-DB82-E6DCF3C3D4C2}"
EndProject
Project("{FAE04EC0-301F-11D3-BF4B-00C04F79EFBC}") = "ProductManagement.Test", "ProductManagement.Test\ProductManagement.Test.csproj", "{AE9E2EBE-BC03-42B1-6823-DB34DF1DCB3B}"
EndProject
Project("{FAE04EC0-301F-11D3-BF4B-00C04F79EFBC}") = "ProductManagement.Shared", "ProductManagement.Shared\ProductManagement.Shared.csproj", "{30ED990D-BAD7-4789-9CFD-D6C18ED86B7B}"
EndProject
Global
	GlobalSection(SolutionConfigurationPlatforms) = preSolution
		Debug|Any CPU = Debug|Any CPU
		Release|Any CPU = Release|Any CPU
	EndGlobalSection
	GlobalSection(ProjectConfigurationPlatforms) = postSolution
		{5A3DE090-5177-030B-F4CE-637C01A8A295}.Debug|Any CPU.ActiveCfg = Debug|Any CPU
		{5A3DE090-5177-030B-F4CE-637C01A8A295}.Debug|Any CPU.Build.0 = Debug|Any CPU
		{5A3DE090-5177-030B-F4CE-637C01A8A295}.Release|Any CPU.ActiveCfg = Release|Any CPU
		{5A3DE090-5177-030B-F4CE-637C01A8A295}.Release|Any CPU.Build.0 = Release|Any CPU
		{5387DFD6-0D46-F885-5B2B-4A2371811E9D}.Debug|Any CPU.ActiveCfg = Debug|Any CPU
		{5387DFD6-0D46-F885-5B2B-4A2371811E9D}.Debug|Any CPU.Build.0 = Debug|Any CPU
		{5387DFD6-0D46-F885-5B2B-4A2371811E9D}.Release|Any CPU.ActiveCfg = Release|Any CPU
		{5387DFD6-0D46-F885-5B2B-4A2371811E9D}.Release|Any CPU.Build.0 = Release|Any CPU
		{5264EEF0-8489-B05D-DB82-E6DCF3C3D4C2}.Debug|Any CPU.ActiveCfg = Debug|Any CPU
		{5264EEF0-8489-B05D-DB82-E6DCF3C3D4C2}.Debug|Any CPU.Build.0 = Debug|Any CPU
		{5264EEF0-8489-B05D-DB82-E6DCF3C3D4C2}.Release|Any CPU.ActiveCfg = Release|Any CPU
		{5264EEF0-8489-B05D-DB82-E6DCF3C3D4C2}.Release|Any CPU.Build.0 = Release|Any CPU
		{AE9E2EBE-BC03-42B1-6823-DB34DF1DCB3B}.Debug|Any CPU.ActiveCfg = Debug|Any CPU
		{AE9E2EBE-BC03-42B1-6823-DB34DF1DCB3B}.Debug|Any CPU.Build.0 = Debug|Any CPU
		{AE9E2EBE-BC03-42B1-6823-DB34DF1DCB3B}.Release|Any CPU.ActiveCfg = Release|Any CPU
		{AE9E2EBE-BC03-42B1-6823-DB34DF1DCB3B}.Release|Any CPU.Build.0 = Release|Any CPU
		{30ED990D-BAD7-4789-9CFD-D6C18ED86B7B}.Debug|Any CPU.ActiveCfg = Debug|Any CPU
		{30ED990D-BAD7-4789-9CFD-D6C18ED86B7B}.Debug|Any CPU.Build.0 = Debug|Any CPU
		{30ED990D-BAD7-4789-9CFD-D6C18ED86B7B}.Release|Any CPU.ActiveCfg = Release|Any CPU
		{30ED990D-BAD7-4789-9CFD-D6C18ED86B7B}.Release|Any CPU.Build.0 = Release|Any CPU
	EndGlobalSection
	GlobalSection(SolutionProperties) = preSolution
		HideSolutionNode = FALSE
	EndGlobalSection
	GlobalSection(ExtensibilityGlobals) = postSolution
		SolutionGuid = {86E2FD15-73EC-428E-AC20-584DB12E6559}
	EndGlobalSection
EndGlobal
